
Microsoft Visual Studio Solution File, Format Version 12.00
# Visual Studio Version 17
VisualStudioVersion = 17.0.31903.59
MinimumVisualStudioVersion = 10.0.40219.1
Project("{2150E333-8FDC-42A3-9474-1A3956D46DE8}") = "src", "src", "{536D8684-F215-4481-BD62-B19EED020204}"
EndProject
Project("{FAE04EC0-301F-11D3-BF4B-00C04F79EFBC}") = "TargetChallenge", "src\TargetChallenge\TargetChallenge.csproj", "{BFF48D7D-7463-40F1-BC04-FF03F4C8AA89}"
EndProject
Global
	GlobalSection(SolutionConfigurationPlatforms) = preSolution
		Debug|Any CPU = Debug|Any CPU
		Release|Any CPU = Release|Any CPU
	EndGlobalSection
	GlobalSection(SolutionProperties) = preSolution
		HideSolutionNode = FALSE
	EndGlobalSection
	GlobalSection(ProjectConfigurationPlatforms) = postSolution
		{BFF48D7D-7463-40F1-BC04-FF03F4C8AA89}.Debug|Any CPU.ActiveCfg = Debug|Any CPU
		{BFF48D7D-7463-40F1-BC04-FF03F4C8AA89}.Debug|Any CPU.Build.0 = Debug|Any CPU
		{BFF48D7D-7463-40F1-BC04-FF03F4C8AA89}.Release|Any CPU.ActiveCfg = Release|Any CPU
		{BFF48D7D-7463-40F1-BC04-FF03F4C8AA89}.Release|Any CPU.Build.0 = Release|Any CPU
	EndGlobalSection
	GlobalSection(NestedProjects) = preSolution
		{BFF48D7D-7463-40F1-BC04-FF03F4C8AA89} = {536D8684-F215-4481-BD62-B19EED020204}
	EndGlobalSection
EndGlobal
